// !$*UTF8*$!
{
	archiveVersion = 1;
	classes = {
	};
	objectVersion = 46;
	objects = {

/* Begin PBXBuildFile section */
		673F814E18AF1D1300E3E975 /* Foundation.framework in Frameworks */ = {isa = PBXBuildFile; fileRef = 673F814D18AF1D1300E3E975 /* Foundation.framework */; };
		673F815018AF1D1300E3E975 /* CoreGraphics.framework in Frameworks */ = {isa = PBXBuildFile; fileRef = 673F814F18AF1D1300E3E975 /* CoreGraphics.framework */; };
		673F815218AF1D1300E3E975 /* UIKit.framework in Frameworks */ = {isa = PBXBuildFile; fileRef = 673F815118AF1D1300E3E975 /* UIKit.framework */; };
		673F815818AF1D1300E3E975 /* InfoPlist.strings in Resources */ = {isa = PBXBuildFile; fileRef = 673F815618AF1D1300E3E975 /* InfoPlist.strings */; };
		673F815A18AF1D1300E3E975 /* main.m in Sources */ = {isa = PBXBuildFile; fileRef = 673F815918AF1D1300E3E975 /* main.m */; };
		673F815E18AF1D1400E3E975 /* ClientAppDelegate.m in Sources */ = {isa = PBXBuildFile; fileRef = 673F815D18AF1D1400E3E975 /* ClientAppDelegate.m */; };
		673F816118AF1D1400E3E975 /* Main.storyboard in Resources */ = {isa = PBXBuildFile; fileRef = 673F815F18AF1D1400E3E975 /* Main.storyboard */; };
		673F816418AF1D1400E3E975 /* ClientViewController.m in Sources */ = {isa = PBXBuildFile; fileRef = 673F816318AF1D1400E3E975 /* ClientViewController.m */; };
		673F816618AF1D1400E3E975 /* Images.xcassets in Resources */ = {isa = PBXBuildFile; fileRef = 673F816518AF1D1400E3E975 /* Images.xcassets */; };
		673F816D18AF1D1400E3E975 /* XCTest.framework in Frameworks */ = {isa = PBXBuildFile; fileRef = 673F816C18AF1D1400E3E975 /* XCTest.framework */; };
		673F816E18AF1D1400E3E975 /* Foundation.framework in Frameworks */ = {isa = PBXBuildFile; fileRef = 673F814D18AF1D1300E3E975 /* Foundation.framework */; };
		673F816F18AF1D1400E3E975 /* UIKit.framework in Frameworks */ = {isa = PBXBuildFile; fileRef = 673F815118AF1D1300E3E975 /* UIKit.framework */; };
		673F817718AF1D1400E3E975 /* InfoPlist.strings in Resources */ = {isa = PBXBuildFile; fileRef = 673F817518AF1D1400E3E975 /* InfoPlist.strings */; };
		673F817918AF1D1400E3E975 /* ClientAppTests.m in Sources */ = {isa = PBXBuildFile; fileRef = 673F817818AF1D1400E3E975 /* ClientAppTests.m */; };
		87C625FA18AF27E1006588DE /* StatusView.m in Sources */ = {isa = PBXBuildFile; fileRef = 87C625F918AF27E1006588DE /* StatusView.m */; };
		87C625FC18AF2970006588DE /* CoreLocation.framework in Frameworks */ = {isa = PBXBuildFile; fileRef = 87C625FB18AF2970006588DE /* CoreLocation.framework */; };
		87C6323518AF4B21006588DE /* Client.m in Sources */ = {isa = PBXBuildFile; fileRef = 87C6323418AF4B21006588DE /* Client.m */; };
		87C6364818AF5240006588DE /* CFNetwork.framework in Frameworks */ = {isa = PBXBuildFile; fileRef = 87C6364718AF5240006588DE /* CFNetwork.framework */; };
		87C6364A18AF5249006588DE /* CoreData.framework in Frameworks */ = {isa = PBXBuildFile; fileRef = 87C6364918AF5249006588DE /* CoreData.framework */; };
		87C6364C18AF5251006588DE /* libxml2.dylib in Frameworks */ = {isa = PBXBuildFile; fileRef = 87C6364B18AF5251006588DE /* libxml2.dylib */; };
		87C6364E18AF5258006588DE /* MobileCoreServices.framework in Frameworks */ = {isa = PBXBuildFile; fileRef = 87C6364D18AF5258006588DE /* MobileCoreServices.framework */; };
		87C6365018AF525E006588DE /* QuartzCore.framework in Frameworks */ = {isa = PBXBuildFile; fileRef = 87C6364F18AF525E006588DE /* QuartzCore.framework */; };
		87C6365218AF5264006588DE /* Security.framework in Frameworks */ = {isa = PBXBuildFile; fileRef = 87C6365118AF5264006588DE /* Security.framework */; };
		87C6365418AF526D006588DE /* SystemConfiguration.framework in Frameworks */ = {isa = PBXBuildFile; fileRef = 87C6365318AF526D006588DE /* SystemConfiguration.framework */; };
/* End PBXBuildFile section */

/* Begin PBXContainerItemProxy section */
		673F817018AF1D1400E3E975 /* PBXContainerItemProxy */ = {
			isa = PBXContainerItemProxy;
			containerPortal = 673F814218AF1D1300E3E975 /* Project object */;
			proxyType = 1;
			remoteGlobalIDString = 673F814918AF1D1300E3E975;
			remoteInfo = ClientApp;
		};
/* End PBXContainerItemProxy section */

/* Begin PBXFileReference section */
		673F814A18AF1D1300E3E975 /* ClientApp.app */ = {isa = PBXFileReference; explicitFileType = wrapper.application; includeInIndex = 0; path = ClientApp.app; sourceTree = BUILT_PRODUCTS_DIR; };
		673F814D18AF1D1300E3E975 /* Foundation.framework */ = {isa = PBXFileReference; lastKnownFileType = wrapper.framework; name = Foundation.framework; path = System/Library/Frameworks/Foundation.framework; sourceTree = SDKROOT; };
		673F814F18AF1D1300E3E975 /* CoreGraphics.framework */ = {isa = PBXFileReference; lastKnownFileType = wrapper.framework; name = CoreGraphics.framework; path = System/Library/Frameworks/CoreGraphics.framework; sourceTree = SDKROOT; };
		673F815118AF1D1300E3E975 /* UIKit.framework */ = {isa = PBXFileReference; lastKnownFileType = wrapper.framework; name = UIKit.framework; path = System/Library/Frameworks/UIKit.framework; sourceTree = SDKROOT; };
		673F815518AF1D1300E3E975 /* ClientApp-Info.plist */ = {isa = PBXFileReference; lastKnownFileType = text.plist.xml; path = "ClientApp-Info.plist"; sourceTree = "<group>"; };
		673F815718AF1D1300E3E975 /* en */ = {isa = PBXFileReference; lastKnownFileType = text.plist.strings; name = en; path = en.lproj/InfoPlist.strings; sourceTree = "<group>"; };
		673F815918AF1D1300E3E975 /* main.m */ = {isa = PBXFileReference; lastKnownFileType = sourcecode.c.objc; path = main.m; sourceTree = "<group>"; };
		673F815B18AF1D1300E3E975 /* ClientApp-Prefix.pch */ = {isa = PBXFileReference; lastKnownFileType = sourcecode.c.h; path = "ClientApp-Prefix.pch"; sourceTree = "<group>"; };
		673F815C18AF1D1400E3E975 /* ClientAppDelegate.h */ = {isa = PBXFileReference; lastKnownFileType = sourcecode.c.h; path = ClientAppDelegate.h; sourceTree = "<group>"; };
		673F815D18AF1D1400E3E975 /* ClientAppDelegate.m */ = {isa = PBXFileReference; lastKnownFileType = sourcecode.c.objc; path = ClientAppDelegate.m; sourceTree = "<group>"; };
		673F816018AF1D1400E3E975 /* Base */ = {isa = PBXFileReference; lastKnownFileType = file.storyboard; name = Base; path = Base.lproj/Main.storyboard; sourceTree = "<group>"; };
		673F816218AF1D1400E3E975 /* ClientViewController.h */ = {isa = PBXFileReference; lastKnownFileType = sourcecode.c.h; path = ClientViewController.h; sourceTree = "<group>"; };
		673F816318AF1D1400E3E975 /* ClientViewController.m */ = {isa = PBXFileReference; lastKnownFileType = sourcecode.c.objc; path = ClientViewController.m; sourceTree = "<group>"; };
		673F816518AF1D1400E3E975 /* Images.xcassets */ = {isa = PBXFileReference; lastKnownFileType = folder.assetcatalog; path = Images.xcassets; sourceTree = "<group>"; };
		673F816B18AF1D1400E3E975 /* ClientAppTests.xctest */ = {isa = PBXFileReference; explicitFileType = wrapper.cfbundle; includeInIndex = 0; path = ClientAppTests.xctest; sourceTree = BUILT_PRODUCTS_DIR; };
		673F816C18AF1D1400E3E975 /* XCTest.framework */ = {isa = PBXFileReference; lastKnownFileType = wrapper.framework; name = XCTest.framework; path = Library/Frameworks/XCTest.framework; sourceTree = DEVELOPER_DIR; };
		673F817418AF1D1400E3E975 /* ClientAppTests-Info.plist */ = {isa = PBXFileReference; lastKnownFileType = text.plist.xml; path = "ClientAppTests-Info.plist"; sourceTree = "<group>"; };
		673F817618AF1D1400E3E975 /* en */ = {isa = PBXFileReference; lastKnownFileType = text.plist.strings; name = en; path = en.lproj/InfoPlist.strings; sourceTree = "<group>"; };
		673F817818AF1D1400E3E975 /* ClientAppTests.m */ = {isa = PBXFileReference; lastKnownFileType = sourcecode.c.objc; path = ClientAppTests.m; sourceTree = "<group>"; };
		87C625F818AF27E1006588DE /* StatusView.h */ = {isa = PBXFileReference; fileEncoding = 4; lastKnownFileType = sourcecode.c.h; path = StatusView.h; sourceTree = "<group>"; };
		87C625F918AF27E1006588DE /* StatusView.m */ = {isa = PBXFileReference; fileEncoding = 4; lastKnownFileType = sourcecode.c.objc; path = StatusView.m; sourceTree = "<group>"; };
		87C625FB18AF2970006588DE /* CoreLocation.framework */ = {isa = PBXFileReference; lastKnownFileType = wrapper.framework; name = CoreLocation.framework; path = System/Library/Frameworks/CoreLocation.framework; sourceTree = SDKROOT; };
		87C6323318AF4B21006588DE /* Client.h */ = {isa = PBXFileReference; fileEncoding = 4; lastKnownFileType = sourcecode.c.h; path = Client.h; sourceTree = "<group>"; };
		87C6323418AF4B21006588DE /* Client.m */ = {isa = PBXFileReference; fileEncoding = 4; lastKnownFileType = sourcecode.c.objc; path = Client.m; sourceTree = "<group>"; };
		87C6364718AF5240006588DE /* CFNetwork.framework */ = {isa = PBXFileReference; lastKnownFileType = wrapper.framework; name = CFNetwork.framework; path = System/Library/Frameworks/CFNetwork.framework; sourceTree = SDKROOT; };
		87C6364918AF5249006588DE /* CoreData.framework */ = {isa = PBXFileReference; lastKnownFileType = wrapper.framework; name = CoreData.framework; path = System/Library/Frameworks/CoreData.framework; sourceTree = SDKROOT; };
		87C6364B18AF5251006588DE /* libxml2.dylib */ = {isa = PBXFileReference; lastKnownFileType = "compiled.mach-o.dylib"; name = libxml2.dylib; path = usr/lib/libxml2.dylib; sourceTree = SDKROOT; };
		87C6364D18AF5258006588DE /* MobileCoreServices.framework */ = {isa = PBXFileReference; lastKnownFileType = wrapper.framework; name = MobileCoreServices.framework; path = System/Library/Frameworks/MobileCoreServices.framework; sourceTree = SDKROOT; };
		87C6364F18AF525E006588DE /* QuartzCore.framework */ = {isa = PBXFileReference; lastKnownFileType = wrapper.framework; name = QuartzCore.framework; path = System/Library/Frameworks/QuartzCore.framework; sourceTree = SDKROOT; };
		87C6365118AF5264006588DE /* Security.framework */ = {isa = PBXFileReference; lastKnownFileType = wrapper.framework; name = Security.framework; path = System/Library/Frameworks/Security.framework; sourceTree = SDKROOT; };
		87C6365318AF526D006588DE /* SystemConfiguration.framework */ = {isa = PBXFileReference; lastKnownFileType = wrapper.framework; name = SystemConfiguration.framework; path = System/Library/Frameworks/SystemConfiguration.framework; sourceTree = SDKROOT; };
		87C6366E18AFB261006588DE /* Resources.h */ = {isa = PBXFileReference; fileEncoding = 4; lastKnownFileType = sourcecode.c.h; path = Resources.h; sourceTree = "<group>"; };
/* End PBXFileReference section */

/* Begin PBXFrameworksBuildPhase section */
		673F814718AF1D1300E3E975 /* Frameworks */ = {
			isa = PBXFrameworksBuildPhase;
			buildActionMask = 2147483647;
			files = (
				87C6365418AF526D006588DE /* SystemConfiguration.framework in Frameworks */,
				87C6365218AF5264006588DE /* Security.framework in Frameworks */,
				87C6365018AF525E006588DE /* QuartzCore.framework in Frameworks */,
				87C6364E18AF5258006588DE /* MobileCoreServices.framework in Frameworks */,
				87C6364C18AF5251006588DE /* libxml2.dylib in Frameworks */,
				87C6364A18AF5249006588DE /* CoreData.framework in Frameworks */,
				87C6364818AF5240006588DE /* CFNetwork.framework in Frameworks */,
				87C625FC18AF2970006588DE /* CoreLocation.framework in Frameworks */,
				673F815018AF1D1300E3E975 /* CoreGraphics.framework in Frameworks */,
				673F815218AF1D1300E3E975 /* UIKit.framework in Frameworks */,
				673F814E18AF1D1300E3E975 /* Foundation.framework in Frameworks */,
			);
			runOnlyForDeploymentPostprocessing = 0;
		};
		673F816818AF1D1400E3E975 /* Frameworks */ = {
			isa = PBXFrameworksBuildPhase;
			buildActionMask = 2147483647;
			files = (
				673F816D18AF1D1400E3E975 /* XCTest.framework in Frameworks */,
				673F816F18AF1D1400E3E975 /* UIKit.framework in Frameworks */,
				673F816E18AF1D1400E3E975 /* Foundation.framework in Frameworks */,
			);
			runOnlyForDeploymentPostprocessing = 0;
		};
/* End PBXFrameworksBuildPhase section */

/* Begin PBXGroup section */
		673F814118AF1D1300E3E975 = {
			isa = PBXGroup;
			children = (
				673F815318AF1D1300E3E975 /* ClientApp */,
				673F817218AF1D1400E3E975 /* ClientAppTests */,
				673F814C18AF1D1300E3E975 /* Frameworks */,
				673F814B18AF1D1300E3E975 /* Products */,
			);
			sourceTree = "<group>";
		};
		673F814B18AF1D1300E3E975 /* Products */ = {
			isa = PBXGroup;
			children = (
				673F814A18AF1D1300E3E975 /* ClientApp.app */,
				673F816B18AF1D1400E3E975 /* ClientAppTests.xctest */,
			);
			name = Products;
			sourceTree = "<group>";
		};
		673F814C18AF1D1300E3E975 /* Frameworks */ = {
			isa = PBXGroup;
			children = (
				87C6365318AF526D006588DE /* SystemConfiguration.framework */,
				87C6365118AF5264006588DE /* Security.framework */,
				87C6364F18AF525E006588DE /* QuartzCore.framework */,
				87C6364D18AF5258006588DE /* MobileCoreServices.framework */,
				87C6364B18AF5251006588DE /* libxml2.dylib */,
				87C6364918AF5249006588DE /* CoreData.framework */,
				87C6364718AF5240006588DE /* CFNetwork.framework */,
				87C625FB18AF2970006588DE /* CoreLocation.framework */,
				673F814D18AF1D1300E3E975 /* Foundation.framework */,
				673F814F18AF1D1300E3E975 /* CoreGraphics.framework */,
				673F815118AF1D1300E3E975 /* UIKit.framework */,
				673F816C18AF1D1400E3E975 /* XCTest.framework */,
			);
			name = Frameworks;
			sourceTree = "<group>";
		};
		673F815318AF1D1300E3E975 /* ClientApp */ = {
			isa = PBXGroup;
			children = (
				87C6323318AF4B21006588DE /* Client.h */,
				87C6323418AF4B21006588DE /* Client.m */,
				673F815C18AF1D1400E3E975 /* ClientAppDelegate.h */,
				673F815D18AF1D1400E3E975 /* ClientAppDelegate.m */,
				673F815F18AF1D1400E3E975 /* Main.storyboard */,
				673F816218AF1D1400E3E975 /* ClientViewController.h */,
				673F816318AF1D1400E3E975 /* ClientViewController.m */,
				87C625F818AF27E1006588DE /* StatusView.h */,
				87C625F918AF27E1006588DE /* StatusView.m */,
				87C6366E18AFB261006588DE /* Resources.h */,
				673F816518AF1D1400E3E975 /* Images.xcassets */,
				673F815418AF1D1300E3E975 /* Supporting Files */,
			);
			path = ClientApp;
			sourceTree = "<group>";
		};
		673F815418AF1D1300E3E975 /* Supporting Files */ = {
			isa = PBXGroup;
			children = (
				673F815518AF1D1300E3E975 /* ClientApp-Info.plist */,
				673F815618AF1D1300E3E975 /* InfoPlist.strings */,
				673F815918AF1D1300E3E975 /* main.m */,
				673F815B18AF1D1300E3E975 /* ClientApp-Prefix.pch */,
			);
			name = "Supporting Files";
			sourceTree = "<group>";
		};
		673F817218AF1D1400E3E975 /* ClientAppTests */ = {
			isa = PBXGroup;
			children = (
				673F817818AF1D1400E3E975 /* ClientAppTests.m */,
				673F817318AF1D1400E3E975 /* Supporting Files */,
			);
			path = ClientAppTests;
			sourceTree = "<group>";
		};
		673F817318AF1D1400E3E975 /* Supporting Files */ = {
			isa = PBXGroup;
			children = (
				673F817418AF1D1400E3E975 /* ClientAppTests-Info.plist */,
				673F817518AF1D1400E3E975 /* InfoPlist.strings */,
			);
			name = "Supporting Files";
			sourceTree = "<group>";
		};
/* End PBXGroup section */

/* Begin PBXNativeTarget section */
		673F814918AF1D1300E3E975 /* ClientApp */ = {
			isa = PBXNativeTarget;
			buildConfigurationList = 673F817C18AF1D1400E3E975 /* Build configuration list for PBXNativeTarget "ClientApp" */;
			buildPhases = (
				673F814618AF1D1300E3E975 /* Sources */,
				673F814718AF1D1300E3E975 /* Frameworks */,
				673F814818AF1D1300E3E975 /* Resources */,
			);
			buildRules = (
			);
			dependencies = (
			);
			name = ClientApp;
			productName = ClientApp;
			productReference = 673F814A18AF1D1300E3E975 /* ClientApp.app */;
			productType = "com.apple.product-type.application";
		};
		673F816A18AF1D1400E3E975 /* ClientAppTests */ = {
			isa = PBXNativeTarget;
			buildConfigurationList = 673F817F18AF1D1400E3E975 /* Build configuration list for PBXNativeTarget "ClientAppTests" */;
			buildPhases = (
				673F816718AF1D1400E3E975 /* Sources */,
				673F816818AF1D1400E3E975 /* Frameworks */,
				673F816918AF1D1400E3E975 /* Resources */,
			);
			buildRules = (
			);
			dependencies = (
				673F817118AF1D1400E3E975 /* PBXTargetDependency */,
			);
			name = ClientAppTests;
			productName = ClientAppTests;
			productReference = 673F816B18AF1D1400E3E975 /* ClientAppTests.xctest */;
			productType = "com.apple.product-type.bundle.unit-test";
		};
/* End PBXNativeTarget section */

/* Begin PBXProject section */
		673F814218AF1D1300E3E975 /* Project object */ = {
			isa = PBXProject;
			attributes = {
				CLASSPREFIX = Client;
				LastUpgradeCheck = 0500;
				ORGANIZATIONNAME = pennApps;
				TargetAttributes = {
					673F814918AF1D1300E3E975 = {
						SystemCapabilities = {
							com.apple.BackgroundModes = {
								enabled = 0;
							};
						};
					};
					673F816A18AF1D1400E3E975 = {
						TestTargetID = 673F814918AF1D1300E3E975;
					};
				};
			};
			buildConfigurationList = 673F814518AF1D1300E3E975 /* Build configuration list for PBXProject "ClientApp" */;
			compatibilityVersion = "Xcode 3.2";
			developmentRegion = English;
			hasScannedForEncodings = 0;
			knownRegions = (
				en,
				Base,
			);
			mainGroup = 673F814118AF1D1300E3E975;
			productRefGroup = 673F814B18AF1D1300E3E975 /* Products */;
			projectDirPath = "";
			projectRoot = "";
			targets = (
				673F814918AF1D1300E3E975 /* ClientApp */,
				673F816A18AF1D1400E3E975 /* ClientAppTests */,
			);
		};
/* End PBXProject section */

/* Begin PBXResourcesBuildPhase section */
		673F814818AF1D1300E3E975 /* Resources */ = {
			isa = PBXResourcesBuildPhase;
			buildActionMask = 2147483647;
			files = (
				673F816618AF1D1400E3E975 /* Images.xcassets in Resources */,
				673F815818AF1D1300E3E975 /* InfoPlist.strings in Resources */,
				673F816118AF1D1400E3E975 /* Main.storyboard in Resources */,
			);
			runOnlyForDeploymentPostprocessing = 0;
		};
		673F816918AF1D1400E3E975 /* Resources */ = {
			isa = PBXResourcesBuildPhase;
			buildActionMask = 2147483647;
			files = (
				673F817718AF1D1400E3E975 /* InfoPlist.strings in Resources */,
			);
			runOnlyForDeploymentPostprocessing = 0;
		};
/* End PBXResourcesBuildPhase section */

/* Begin PBXSourcesBuildPhase section */
		673F814618AF1D1300E3E975 /* Sources */ = {
			isa = PBXSourcesBuildPhase;
			buildActionMask = 2147483647;
			files = (
				673F815A18AF1D1300E3E975 /* main.m in Sources */,
				673F815E18AF1D1400E3E975 /* ClientAppDelegate.m in Sources */,
				87C625FA18AF27E1006588DE /* StatusView.m in Sources */,
				673F816418AF1D1400E3E975 /* ClientViewController.m in Sources */,
				87C6323518AF4B21006588DE /* Client.m in Sources */,
			);
			runOnlyForDeploymentPostprocessing = 0;
		};
		673F816718AF1D1400E3E975 /* Sources */ = {
			isa = PBXSourcesBuildPhase;
			buildActionMask = 2147483647;
			files = (
				673F817918AF1D1400E3E975 /* ClientAppTests.m in Sources */,
			);
			runOnlyForDeploymentPostprocessing = 0;
		};
/* End PBXSourcesBuildPhase section */

/* Begin PBXTargetDependency section */
		673F817118AF1D1400E3E975 /* PBXTargetDependency */ = {
			isa = PBXTargetDependency;
			target = 673F814918AF1D1300E3E975 /* ClientApp */;
			targetProxy = 673F817018AF1D1400E3E975 /* PBXContainerItemProxy */;
		};
/* End PBXTargetDependency section */

/* Begin PBXVariantGroup section */
		673F815618AF1D1300E3E975 /* InfoPlist.strings */ = {
			isa = PBXVariantGroup;
			children = (
				673F815718AF1D1300E3E975 /* en */,
			);
			name = InfoPlist.strings;
			sourceTree = "<group>";
		};
		673F815F18AF1D1400E3E975 /* Main.storyboard */ = {
			isa = PBXVariantGroup;
			children = (
				673F816018AF1D1400E3E975 /* Base */,
			);
			name = Main.storyboard;
			sourceTree = "<group>";
		};
		673F817518AF1D1400E3E975 /* InfoPlist.strings */ = {
			isa = PBXVariantGroup;
			children = (
				673F817618AF1D1400E3E975 /* en */,
			);
			name = InfoPlist.strings;
			sourceTree = "<group>";
		};
/* End PBXVariantGroup section */

/* Begin XCBuildConfiguration section */
		673F817A18AF1D1400E3E975 /* Debug */ = {
			isa = XCBuildConfiguration;
			buildSettings = {
				ALWAYS_SEARCH_USER_PATHS = NO;
				ARCHS = "$(ARCHS_STANDARD_INCLUDING_64_BIT)";
				CLANG_CXX_LANGUAGE_STANDARD = "gnu++0x";
				CLANG_CXX_LIBRARY = "libc++";
				CLANG_ENABLE_MODULES = YES;
				CLANG_ENABLE_OBJC_ARC = YES;
				CLANG_WARN_BOOL_CONVERSION = YES;
				CLANG_WARN_CONSTANT_CONVERSION = YES;
				CLANG_WARN_DIRECT_OBJC_ISA_USAGE = YES_ERROR;
				CLANG_WARN_EMPTY_BODY = YES;
				CLANG_WARN_ENUM_CONVERSION = YES;
				CLANG_WARN_INT_CONVERSION = YES;
				CLANG_WARN_OBJC_ROOT_CLASS = YES_ERROR;
				CLANG_WARN__DUPLICATE_METHOD_MATCH = YES;
				"CODE_SIGN_IDENTITY[sdk=iphoneos*]" = "iPhone Developer";
				COPY_PHASE_STRIP = NO;
				GCC_C_LANGUAGE_STANDARD = gnu99;
				GCC_DYNAMIC_NO_PIC = NO;
				GCC_OPTIMIZATION_LEVEL = 0;
				GCC_PREPROCESSOR_DEFINITIONS = (
					"DEBUG=1",
					"$(inherited)",
				);
				GCC_SYMBOLS_PRIVATE_EXTERN = NO;
				GCC_WARN_64_TO_32_BIT_CONVERSION = YES;
				GCC_WARN_ABOUT_RETURN_TYPE = YES_ERROR;
				GCC_WARN_UNDECLARED_SELECTOR = YES;
				GCC_WARN_UNINITIALIZED_AUTOS = YES;
				GCC_WARN_UNUSED_FUNCTION = YES;
				GCC_WARN_UNUSED_VARIABLE = YES;
				IPHONEOS_DEPLOYMENT_TARGET = 7.0;
				ONLY_ACTIVE_ARCH = YES;
				OTHER_LDFLAGS = (
					"-Objc",
					"-all_load",
				);
				SDKROOT = iphoneos;
			};
			name = Debug;
		};
		673F817B18AF1D1400E3E975 /* Release */ = {
			isa = XCBuildConfiguration;
			buildSettings = {
				ALWAYS_SEARCH_USER_PATHS = NO;
				ARCHS = "$(ARCHS_STANDARD_INCLUDING_64_BIT)";
				CLANG_CXX_LANGUAGE_STANDARD = "gnu++0x";
				CLANG_CXX_LIBRARY = "libc++";
				CLANG_ENABLE_MODULES = YES;
				CLANG_ENABLE_OBJC_ARC = YES;
				CLANG_WARN_BOOL_CONVERSION = YES;
				CLANG_WARN_CONSTANT_CONVERSION = YES;
				CLANG_WARN_DIRECT_OBJC_ISA_USAGE = YES_ERROR;
				CLANG_WARN_EMPTY_BODY = YES;
				CLANG_WARN_ENUM_CONVERSION = YES;
				CLANG_WARN_INT_CONVERSION = YES;
				CLANG_WARN_OBJC_ROOT_CLASS = YES_ERROR;
				CLANG_WARN__DUPLICATE_METHOD_MATCH = YES;
				"CODE_SIGN_IDENTITY[sdk=iphoneos*]" = "iPhone Developer";
				COPY_PHASE_STRIP = YES;
				ENABLE_NS_ASSERTIONS = NO;
				GCC_C_LANGUAGE_STANDARD = gnu99;
				GCC_WARN_64_TO_32_BIT_CONVERSION = YES;
				GCC_WARN_ABOUT_RETURN_TYPE = YES_ERROR;
				GCC_WARN_UNDECLARED_SELECTOR = YES;
				GCC_WARN_UNINITIALIZED_AUTOS = YES;
				GCC_WARN_UNUSED_FUNCTION = YES;
				GCC_WARN_UNUSED_VARIABLE = YES;
				IPHONEOS_DEPLOYMENT_TARGET = 7.0;
				OTHER_LDFLAGS = (
					"-Objc",
					"-all_load",
				);
				SDKROOT = iphoneos;
				VALIDATE_PRODUCT = YES;
			};
			name = Release;
		};
		673F817D18AF1D1400E3E975 /* Debug */ = {
			isa = XCBuildConfiguration;
			buildSettings = {
				ASSETCATALOG_COMPILER_APPICON_NAME = AppIcon;
				ASSETCATALOG_COMPILER_LAUNCHIMAGE_NAME = LaunchImage;
				GCC_PRECOMPILE_PREFIX_HEADER = YES;
				GCC_PREFIX_HEADER = "ClientApp/ClientApp-Prefix.pch";
				HEADER_SEARCH_PATHS = (
					"$(inherited)",
					/Applications/Xcode.app/Contents/Developer/Toolchains/XcodeDefault.xctoolchain/usr/include,
				);
				INFOPLIST_FILE = "ClientApp/ClientApp-Info.plist";
				OTHER_LDFLAGS = "";
				PRODUCT_NAME = "$(TARGET_NAME)";
				WRAPPER_EXTENSION = app;
			};
			name = Debug;
		};
		673F817E18AF1D1400E3E975 /* Release */ = {
			isa = XCBuildConfiguration;
			buildSettings = {
				ASSETCATALOG_COMPILER_APPICON_NAME = AppIcon;
				ASSETCATALOG_COMPILER_LAUNCHIMAGE_NAME = LaunchImage;
				GCC_PRECOMPILE_PREFIX_HEADER = YES;
				GCC_PREFIX_HEADER = "ClientApp/ClientApp-Prefix.pch";
				HEADER_SEARCH_PATHS = (
					"$(inherited)",
					/Applications/Xcode.app/Contents/Developer/Toolchains/XcodeDefault.xctoolchain/usr/include,
					"\"$(BUILT_PRODUCTS_DIR)/../../Headers\"",
				);
				INFOPLIST_FILE = "ClientApp/ClientApp-Info.plist";
				OTHER_LDFLAGS = "";
				PRODUCT_NAME = "$(TARGET_NAME)";
				WRAPPER_EXTENSION = app;
			};
			name = Release;
		};
		673F818018AF1D1400E3E975 /* Debug */ = {
			isa = XCBuildConfiguration;
			buildSettings = {
				ARCHS = "$(ARCHS_STANDARD_INCLUDING_64_BIT)";
				BUNDLE_LOADER = "$(BUILT_PRODUCTS_DIR)/ClientApp.app/ClientApp";
				FRAMEWORK_SEARCH_PATHS = (
					"$(SDKROOT)/Developer/Library/Frameworks",
					"$(inherited)",
					"$(DEVELOPER_FRAMEWORKS_DIR)",
				);
				GCC_PRECOMPILE_PREFIX_HEADER = YES;
				GCC_PREFIX_HEADER = "ClientApp/ClientApp-Prefix.pch";
				GCC_PREPROCESSOR_DEFINITIONS = (
					"DEBUG=1",
					"$(inherited)",
				);
				INFOPLIST_FILE = "ClientAppTests/ClientAppTests-Info.plist";
				PRODUCT_NAME = "$(TARGET_NAME)";
				TEST_HOST = "$(BUNDLE_LOADER)";
				WRAPPER_EXTENSION = xctest;
			};
			name = Debug;
		};
		673F818118AF1D1400E3E975 /* Release */ = {
			isa = XCBuildConfiguration;
			buildSettings = {
				ARCHS = "$(ARCHS_STANDARD_INCLUDING_64_BIT)";
				BUNDLE_LOADER = "$(BUILT_PRODUCTS_DIR)/ClientApp.app/ClientApp";
				FRAMEWORK_SEARCH_PATHS = (
					"$(SDKROOT)/Developer/Library/Frameworks",
					"$(inherited)",
					"$(DEVELOPER_FRAMEWORKS_DIR)",
				);
				GCC_PRECOMPILE_PREFIX_HEADER = YES;
				GCC_PREFIX_HEADER = "ClientApp/ClientApp-Prefix.pch";
				INFOPLIST_FILE = "ClientAppTests/ClientAppTests-Info.plist";
				PRODUCT_NAME = "$(TARGET_NAME)";
				TEST_HOST = "$(BUNDLE_LOADER)";
				WRAPPER_EXTENSION = xctest;
			};
			name = Release;
		};
/* End XCBuildConfiguration section */

/* Begin XCConfigurationList section */
		673F814518AF1D1300E3E975 /* Build configuration list for PBXProject "ClientApp" */ = {
			isa = XCConfigurationList;
			buildConfigurations = (
				673F817A18AF1D1400E3E975 /* Debug */,
				673F817B18AF1D1400E3E975 /* Release */,
			);
			defaultConfigurationIsVisible = 0;
			defaultConfigurationName = Release;
		};
		673F817C18AF1D1400E3E975 /* Build configuration list for PBXNativeTarget "ClientApp" */ = {
			isa = XCConfigurationList;
			buildConfigurations = (
				673F817D18AF1D1400E3E975 /* Debug */,
				673F817E18AF1D1400E3E975 /* Release */,
			);
			defaultConfigurationIsVisible = 0;
			defaultConfigurationName = Release;
		};
		673F817F18AF1D1400E3E975 /* Build configuration list for PBXNativeTarget "ClientAppTests" */ = {
			isa = XCConfigurationList;
			buildConfigurations = (
				673F818018AF1D1400E3E975 /* Debug */,
				673F818118AF1D1400E3E975 /* Release */,
			);
			defaultConfigurationIsVisible = 0;
			defaultConfigurationName = Release;
		};
/* End XCConfigurationList section */
	};
	rootObject = 673F814218AF1D1300E3E975 /* Project object */;
}
